# This file is automatically @generated by Cargo.
# It is not intended for manual editing.
version = 3

[[package]]
name = "gccjit"
version = "2.4.0"
source = "registry+https://github.com/rust-lang/crates.io-index"
checksum = "72fd91f4adbf02b53cfc73c97bc33c5f253009043f30c56a5ec08dd5c8094dc8"
dependencies = [
 "gccjit_sys",
]

[[package]]
name = "gccjit_sys"
version = "0.5.0"
source = "registry+https://github.com/rust-lang/crates.io-index"
checksum = "0fb7b8f48a75e2cfe78c3d9a980b32771c34ffd12d196021ab3f98c49fbd2f0d"
dependencies = [
 "libc",
]

[[package]]
name = "libc"
version = "0.2.169"
source = "registry+https://github.com/rust-lang/crates.io-index"
checksum = "b5aba8db14291edd000dfcc4d620c7ebfb122c613afb886ca8803fa4e128a20a"

[[package]]
name = "samples"
version = "0.1.0"
dependencies = [
 "gccjit",
]
